
Microsoft Visual Studio Solution File, Format Version 12.00
# Visual Studio Version 16
VisualStudioVersion = 16.0.30907.101
MinimumVisualStudioVersion = 10.0.40219.1
Project("{FAE04EC0-301F-11D3-BF4B-00C04F79EFBC}") = "RegisterLogin.Api", "RegisterLogin.Api\RegisterLogin.Api.csproj", "{84AFEEEB-D831-4735-BDC3-2C4A7F1910ED}"
EndProject
Global
	GlobalSection(SolutionConfigurationPlatforms) = preSolution
		Debug|Any CPU = Debug|Any CPU
		Release|Any CPU = Release|Any CPU
	EndGlobalSection
	GlobalSection(ProjectConfigurationPlatforms) = postSolution
		{84AFEEEB-D831-4735-BDC3-2C4A7F1910ED}.Debug|Any CPU.ActiveCfg = Debug|Any CPU
		{84AFEEEB-D831-4735-BDC3-2C4A7F1910ED}.Debug|Any CPU.Build.0 = Debug|Any CPU
		{84AFEEEB-D831-4735-BDC3-2C4A7F1910ED}.Release|Any CPU.ActiveCfg = Release|Any CPU
		{84AFEEEB-D831-4735-BDC3-2C4A7F1910ED}.Release|Any CPU.Build.0 = Release|Any CPU
	EndGlobalSection
	GlobalSection(SolutionProperties) = preSolution
		HideSolutionNode = FALSE
	EndGlobalSection
	GlobalSection(ExtensibilityGlobals) = postSolution
		SolutionGuid = {CE5E0E76-2C86-409B-92E7-DD06B0A2D7A9}
	EndGlobalSection
EndGlobal
